// !$*UTF8*$!
{
	archiveVersion = 1;
	classes = {
	};
	objectVersion = 48;
	objects = {

/* Begin PBXBuildFile section */
		8E0104121FB6EDE300C6FD22 /* AppDelegate.swift in Sources */ = {isa = PBXBuildFile; fileRef = 8E0104111FB6EDE300C6FD22 /* AppDelegate.swift */; };
		8E0104141FB6EDE300C6FD22 /* ViewController.swift in Sources */ = {isa = PBXBuildFile; fileRef = 8E0104131FB6EDE300C6FD22 /* ViewController.swift */; };
		8E0104171FB6EDE300C6FD22 /* Main.storyboard in Resources */ = {isa = PBXBuildFile; fileRef = 8E0104151FB6EDE300C6FD22 /* Main.storyboard */; };
		8E0104191FB6EDE300C6FD22 /* Assets.xcassets in Resources */ = {isa = PBXBuildFile; fileRef = 8E0104181FB6EDE300C6FD22 /* Assets.xcassets */; };
		8E01041C1FB6EDE300C6FD22 /* LaunchScreen.storyboard in Resources */ = {isa = PBXBuildFile; fileRef = 8E01041A1FB6EDE300C6FD22 /* LaunchScreen.storyboard */; };
		8E0104241FB6EE7800C6FD22 /* Inceptionv3.mlmodel in Sources */ = {isa = PBXBuildFile; fileRef = 8E0104231FB6EE7800C6FD22 /* Inceptionv3.mlmodel */; };
/* End PBXBuildFile section */

/* Begin PBXFileReference section */
		8E01040E1FB6EDE300C6FD22 /* HotDog.app */ = {isa = PBXFileReference; explicitFileType = wrapper.application; includeInIndex = 0; path = HotDog.app; sourceTree = BUILT_PRODUCTS_DIR; };
		8E0104111FB6EDE300C6FD22 /* AppDelegate.swift */ = {isa = PBXFileReference; lastKnownFileType = sourcecode.swift; path = AppDelegate.swift; sourceTree = "<group>"; };
		8E0104131FB6EDE300C6FD22 /* ViewController.swift */ = {isa = PBXFileReference; lastKnownFileType = sourcecode.swift; path = ViewController.swift; sourceTree = "<group>"; };
		8E0104161FB6EDE300C6FD22 /* Base */ = {isa = PBXFileReference; lastKnownFileType = file.storyboard; name = Base; path = Base.lproj/Main.storyboard; sourceTree = "<group>"; };
		8E0104181FB6EDE300C6FD22 /* Assets.xcassets */ = {isa = PBXFileReference; lastKnownFileType = folder.assetcatalog; path = Assets.xcassets; sourceTree = "<group>"; };
		8E01041B1FB6EDE300C6FD22 /* Base */ = {isa = PBXFileReference; lastKnownFileType = file.storyboard; name = Base; path = Base.lproj/LaunchScreen.storyboard; sourceTree = "<group>"; };
		8E01041D1FB6EDE300C6FD22 /* Info.plist */ = {isa = PBXFileReference; lastKnownFileType = text.plist.xml; path = Info.plist; sourceTree = "<group>"; };
		8E0104231FB6EE7800C6FD22 /* Inceptionv3.mlmodel */ = {isa = PBXFileReference; lastKnownFileType = file.mlmodel; path = Inceptionv3.mlmodel; sourceTree = "<group>"; };
/* End PBXFileReference section */

/* Begin PBXFrameworksBuildPhase section */
		8E01040B1FB6EDE300C6FD22 /* Frameworks */ = {
			isa = PBXFrameworksBuildPhase;
			buildActionMask = 2147483647;
			files = (
			);
			runOnlyForDeploymentPostprocessing = 0;
		};
/* End PBXFrameworksBuildPhase section */

/* Begin PBXGroup section */
		8E0104051FB6EDE300C6FD22 = {
			isa = PBXGroup;
			children = (
				8E0104101FB6EDE300C6FD22 /* HotDog */,
				8E01040F1FB6EDE300C6FD22 /* Products */,
			);
			sourceTree = "<group>";
		};
		8E01040F1FB6EDE300C6FD22 /* Products */ = {
			isa = PBXGroup;
			children = (
				8E01040E1FB6EDE300C6FD22 /* HotDog.app */,
			);
			name = Products;
			sourceTree = "<group>";
		};
		8E0104101FB6EDE300C6FD22 /* HotDog */ = {
			isa = PBXGroup;
			children = (
				8E0104111FB6EDE300C6FD22 /* AppDelegate.swift */,
				8E0104131FB6EDE300C6FD22 /* ViewController.swift */,
				8E0104151FB6EDE300C6FD22 /* Main.storyboard */,
				8E0104181FB6EDE300C6FD22 /* Assets.xcassets */,
				8E01041A1FB6EDE300C6FD22 /* LaunchScreen.storyboard */,
				8E01041D1FB6EDE300C6FD22 /* Info.plist */,
				8E0104231FB6EE7800C6FD22 /* Inceptionv3.mlmodel */,
			);
			path = HotDog;
			sourceTree = "<group>";
		};
/* End PBXGroup section */

/* Begin PBXNativeTarget section */
		8E01040D1FB6EDE300C6FD22 /* HotDog */ = {
			isa = PBXNativeTarget;
			buildConfigurationList = 8E0104201FB6EDE300C6FD22 /* Build configuration list for PBXNativeTarget "HotDog" */;
			buildPhases = (
				8E01040A1FB6EDE300C6FD22 /* Sources */,
				8E01040B1FB6EDE300C6FD22 /* Frameworks */,
				8E01040C1FB6EDE300C6FD22 /* Resources */,
			);
			buildRules = (
			);
			dependencies = (
			);
			name = HotDog;
			productName = HotDog;
			productReference = 8E01040E1FB6EDE300C6FD22 /* HotDog.app */;
			productType = "com.apple.product-type.application";
		};
/* End PBXNativeTarget section */

/* Begin PBXProject section */
		8E0104061FB6EDE300C6FD22 /* Project object */ = {
			isa = PBXProject;
			attributes = {
				LastSwiftUpdateCheck = 0900;
				LastUpgradeCheck = 0900;
				ORGANIZATIONNAME = "Korman Chen";
				TargetAttributes = {
					8E01040D1FB6EDE300C6FD22 = {
						CreatedOnToolsVersion = 9.0.1;
						ProvisioningStyle = Automatic;
					};
				};
			};
			buildConfigurationList = 8E0104091FB6EDE300C6FD22 /* Build configuration list for PBXProject "HotDog" */;
			compatibilityVersion = "Xcode 8.0";
			developmentRegion = en;
			hasScannedForEncodings = 0;
			knownRegions = (
				en,
				Base,
			);
			mainGroup = 8E0104051FB6EDE300C6FD22;
			productRefGroup = 8E01040F1FB6EDE300C6FD22 /* Products */;
			projectDirPath = "";
			projectRoot = "";
			targets = (
				8E01040D1FB6EDE300C6FD22 /* HotDog */,
			);
		};
/* End PBXProject section */

/* Begin PBXResourcesBuildPhase section */
		8E01040C1FB6EDE300C6FD22 /* Resources */ = {
			isa = PBXResourcesBuildPhase;
			buildActionMask = 2147483647;
			files = (
				8E01041C1FB6EDE300C6FD22 /* LaunchScreen.storyboard in Resources */,
				8E0104191FB6EDE300C6FD22 /* Assets.xcassets in Resources */,
				8E0104171FB6EDE300C6FD22 /* Main.storyboard in Resources */,
			);
			runOnlyForDeploymentPostprocessing = 0;
		};
/* End PBXResourcesBuildPhase section */

/* Begin PBXSourcesBuildPhase section */
		8E01040A1FB6EDE300C6FD22 /* Sources */ = {
			isa = PBXSourcesBuildPhase;
			buildActionMask = 2147483647;
			files = (
				8E0104141FB6EDE300C6FD22 /* ViewController.swift in Sources */,
				8E0104241FB6EE7800C6FD22 /* Inceptionv3.mlmodel in Sources */,
				8E0104121FB6EDE300C6FD22 /* AppDelegate.swift in Sources */,
			);
			runOnlyForDeploymentPostprocessing = 0;
		};
/* End PBXSourcesBuildPhase section */

/* Begin PBXVariantGroup section */
		8E0104151FB6EDE300C6FD22 /* Main.storyboard */ = {
			isa = PBXVariantGroup;
			children = (
				8E0104161FB6EDE300C6FD22 /* Base */,
			);
			name = Main.storyboard;
			sourceTree = "<group>";
		};
		8E01041A1FB6EDE300C6FD22 /* LaunchScreen.storyboard */ = {
			isa = PBXVariantGroup;
			children = (
				8E01041B1FB6EDE300C6FD22 /* Base */,
			);
			name = LaunchScreen.storyboard;
			sourceTree = "<group>";
		};
/* End PBXVariantGroup section */

/* Begin XCBuildConfiguration section */
		8E01041E1FB6EDE300C6FD22 /* Debug */ = {
			isa = XCBuildConfiguration;
			buildSettings = {
				ALWAYS_SEARCH_USER_PATHS = NO;
				CLANG_ANALYZER_NONNULL = YES;
				CLANG_ANALYZER_NUMBER_OBJECT_CONVERSION = YES_AGGRESSIVE;
				CLANG_CXX_LANGUAGE_STANDARD = "gnu++14";
				CLANG_CXX_LIBRARY = "libc++";
				CLANG_ENABLE_MODULES = YES;
				CLANG_ENABLE_OBJC_ARC = YES;
				CLANG_WARN_BLOCK_CAPTURE_AUTORELEASING = YES;
				CLANG_WARN_BOOL_CONVERSION = YES;
				CLANG_WARN_COMMA = YES;
				CLANG_WARN_CONSTANT_CONVERSION = YES;
				CLANG_WARN_DIRECT_OBJC_ISA_USAGE = YES_ERROR;
				CLANG_WARN_DOCUMENTATION_COMMENTS = YES;
				CLANG_WARN_EMPTY_BODY = YES;
				CLANG_WARN_ENUM_CONVERSION = YES;
				CLANG_WARN_INFINITE_RECURSION = YES;
				CLANG_WARN_INT_CONVERSION = YES;
				CLANG_WARN_NON_LITERAL_NULL_CONVERSION = YES;
				CLANG_WARN_OBJC_LITERAL_CONVERSION = YES;
				CLANG_WARN_OBJC_ROOT_CLASS = YES_ERROR;
				CLANG_WARN_RANGE_LOOP_ANALYSIS = YES;
				CLANG_WARN_STRICT_PROTOTYPES = YES;
				CLANG_WARN_SUSPICIOUS_MOVE = YES;
				CLANG_WARN_UNGUARDED_AVAILABILITY = YES_AGGRESSIVE;
				CLANG_WARN_UNREACHABLE_CODE = YES;
				CLANG_WARN__DUPLICATE_METHOD_MATCH = YES;
				CODE_SIGN_IDENTITY = "iPhone Developer";
				COPY_PHASE_STRIP = NO;
				DEBUG_INFORMATION_FORMAT = dwarf;
				ENABLE_STRICT_OBJC_MSGSEND = YES;
				ENABLE_TESTABILITY = YES;
				GCC_C_LANGUAGE_STANDARD = gnu11;
				GCC_DYNAMIC_NO_PIC = NO;
				GCC_NO_COMMON_BLOCKS = YES;
				GCC_OPTIMIZATION_LEVEL = 0;
				GCC_PREPROCESSOR_DEFINITIONS = (
					"DEBUG=1",
					"$(inherited)",
				);
				GCC_WARN_64_TO_32_BIT_CONVERSION = YES;
				GCC_WARN_ABOUT_RETURN_TYPE = YES_ERROR;
				GCC_WARN_UNDECLARED_SELECTOR = YES;
				GCC_WARN_UNINITIALIZED_AUTOS = YES_AGGRESSIVE;
				GCC_WARN_UNUSED_FUNCTION = YES;
				GCC_WARN_UNUSED_VARIABLE = YES;
				IPHONEOS_DEPLOYMENT_TARGET = 11.0;
				MTL_ENABLE_DEBUG_INFO = YES;
				ONLY_ACTIVE_ARCH = YES;
				SDKROOT = iphoneos;
				SWIFT_ACTIVE_COMPILATION_CONDITIONS = DEBUG;
				SWIFT_OPTIMIZATION_LEVEL = "-Onone";
			};
			name = Debug;
		};
		8E01041F1FB6EDE300C6FD22 /* Release */ = {
			isa = XCBuildConfiguration;
			buildSettings = {
				ALWAYS_SEARCH_USER_PATHS = NO;
				CLANG_ANALYZER_NONNULL = YES;
				CLANG_ANALYZER_NUMBER_OBJECT_CONVERSION = YES_AGGRESSIVE;
				CLANG_CXX_LANGUAGE_STANDARD = "gnu++14";
				CLANG_CXX_LIBRARY = "libc++";
				CLANG_ENABLE_MODULES = YES;
				CLANG_ENABLE_OBJC_ARC = YES;
				CLANG_WARN_BLOCK_CAPTURE_AUTORELEASING = YES;
				CLANG_WARN_BOOL_CONVERSION = YES;
				CLANG_WARN_COMMA = YES;
				CLANG_WARN_CONSTANT_CONVERSION = YES;
				CLANG_WARN_DIRECT_OBJC_ISA_USAGE = YES_ERROR;
				CLANG_WARN_DOCUMENTATION_COMMENTS = YES;
				CLANG_WARN_EMPTY_BODY = YES;
				CLANG_WARN_ENUM_CONVERSION = YES;
				CLANG_WARN_INFINITE_RECURSION = YES;
				CLANG_WARN_INT_CONVERSION = YES;
				CLANG_WARN_NON_LITERAL_NULL_CONVERSION = YES;
				CLANG_WARN_OBJC_LITERAL_CONVERSION = YES;
				CLANG_WARN_OBJC_ROOT_CLASS = YES_ERROR;
				CLANG_WARN_RANGE_LOOP_ANALYSIS = YES;
				CLANG_WARN_STRICT_PROTOTYPES = YES;
				CLANG_WARN_SUSPICIOUS_MOVE = YES;
				CLANG_WARN_UNGUARDED_AVAILABILITY = YES_AGGRESSIVE;
				CLANG_WARN_UNREACHABLE_CODE = YES;
				CLANG_WARN__DUPLICATE_METHOD_MATCH = YES;
				CODE_SIGN_IDENTITY = "iPhone Developer";
				COPY_PHASE_STRIP = NO;
				DEBUG_INFORMATION_FORMAT = "dwarf-with-dsym";
				ENABLE_NS_ASSERTIONS = NO;
				ENABLE_STRICT_OBJC_MSGSEND = YES;
				GCC_C_LANGUAGE_STANDARD = gnu11;
				GCC_NO_COMMON_BLOCKS = YES;
				GCC_WARN_64_TO_32_BIT_CONVERSION = YES;
				GCC_WARN_ABOUT_RETURN_TYPE = YES_ERROR;
				GCC_WARN_UNDECLARED_SELECTOR = YES;
				GCC_WARN_UNINITIALIZED_AUTOS = YES_AGGRESSIVE;
				GCC_WARN_UNUSED_FUNCTION = YES;
				GCC_WARN_UNUSED_VARIABLE = YES;
				IPHONEOS_DEPLOYMENT_TARGET = 11.0;
				MTL_ENABLE_DEBUG_INFO = NO;
				SDKROOT = iphoneos;
				SWIFT_OPTIMIZATION_LEVEL = "-Owholemodule";
				VALIDATE_PRODUCT = YES;
			};
			name = Release;
		};
		8E0104211FB6EDE300C6FD22 /* Debug */ = {
			isa = XCBuildConfiguration;
			buildSettings = {
				ASSETCATALOG_COMPILER_APPICON_NAME = AppIcon;
				CODE_SIGN_STYLE = Automatic;
				DEVELOPMENT_TEAM = 2J85MR725D;
				INFOPLIST_FILE = HotDog/Info.plist;
				LD_RUNPATH_SEARCH_PATHS = "$(inherited) @executable_path/Frameworks";
				PRODUCT_BUNDLE_IDENTIFIER = com.KormanChen.HotDog;
				PRODUCT_NAME = "$(TARGET_NAME)";
				SWIFT_VERSION = 4.0;
				TARGETED_DEVICE_FAMILY = "1,2";
			};
			name = Debug;
		};
		8E0104221FB6EDE300C6FD22 /* Release */ = {
			isa = XCBuildConfiguration;
			buildSettings = {
				ASSETCATALOG_COMPILER_APPICON_NAME = AppIcon;
				CODE_SIGN_STYLE = Automatic;
				DEVELOPMENT_TEAM = 2J85MR725D;
				INFOPLIST_FILE = HotDog/Info.plist;
				LD_RUNPATH_SEARCH_PATHS = "$(inherited) @executable_path/Frameworks";
				PRODUCT_BUNDLE_IDENTIFIER = com.KormanChen.HotDog;
				PRODUCT_NAME = "$(TARGET_NAME)";
				SWIFT_VERSION = 4.0;
				TARGETED_DEVICE_FAMILY = "1,2";
			};
			name = Release;
		};
/* End XCBuildConfiguration section */

/* Begin XCConfigurationList section */
		8E0104091FB6EDE300C6FD22 /* Build configuration list for PBXProject "HotDog" */ = {
			isa = XCConfigurationList;
			buildConfigurations = (
				8E01041E1FB6EDE300C6FD22 /* Debug */,
				8E01041F1FB6EDE300C6FD22 /* Release */,
			);
			defaultConfigurationIsVisible = 0;
			defaultConfigurationName = Release;
		};
		8E0104201FB6EDE300C6FD22 /* Build configuration list for PBXNativeTarget "HotDog" */ = {
			isa = XCConfigurationList;
			buildConfigurations = (
				8E0104211FB6EDE300C6FD22 /* Debug */,
				8E0104221FB6EDE300C6FD22 /* Release */,
			);
			defaultConfigurationIsVisible = 0;
			defaultConfigurationName = Release;
		};
/* End XCConfigurationList section */
	};
	rootObject = 8E0104061FB6EDE300C6FD22 /* Project object */;
}
